
Microsoft Visual Studio Solution File, Format Version 11.00
# Visual Studio 2010
Project("{8BC9CEB8-8B4A-11D0-8D11-00A0C91BC942}") = "TSNowAndNext", "TSNowAndNext.vcxproj", "{F97C1485-DCC4-F7B5-53FE-96DA5FA5F87E}"
EndProject
Global
	GlobalSection(SolutionConfigurationPlatforms) = preSolution
		Debug|Win32 = Debug|Win32
		Release|Win32 = Release|Win32
	EndGlobalSection
	GlobalSection(ProjectConfigurationPlatforms) = postSolution
		{F97C1485-DCC4-F7B5-53FE-96DA5FA5F87E}.Debug|Win32.ActiveCfg = Debug|Win32
		{F97C1485-DCC4-F7B5-53FE-96DA5FA5F87E}.Debug|Win32.Build.0 = Debug|Win32
		{F97C1485-DCC4-F7B5-53FE-96DA5FA5F87E}.Release|Win32.ActiveCfg = Release|Win32
		{F97C1485-DCC4-F7B5-53FE-96DA5FA5F87E}.Release|Win32.Build.0 = Release|Win32
	EndGlobalSection
	GlobalSection(SolutionProperties) = preSolution
		HideSolutionNode = FALSE
	EndGlobalSection
EndGlobal
